
Microsoft Visual Studio Solution File, Format Version 12.00
# Visual Studio Version 16
VisualStudioVersion = 25.0.1705.1
MinimumVisualStudioVersion = 10.0.40219.1
Project("{FAE04EC0-301F-11D3-BF4B-00C04F79EFBC}") = "Movies", "Movies.csproj", "{7B838721-16A1-4974-8558-8DC36070DB25}"
EndProject
Global
	GlobalSection(SolutionConfigurationPlatforms) = preSolution
		Debug|Any CPU = Debug|Any CPU
		Release|Any CPU = Release|Any CPU
	EndGlobalSection
	GlobalSection(ProjectConfigurationPlatforms) = postSolution
		{7B838721-16A1-4974-8558-8DC36070DB25}.Debug|Any CPU.ActiveCfg = Debug|Any CPU
		{7B838721-16A1-4974-8558-8DC36070DB25}.Debug|Any CPU.Build.0 = Debug|Any CPU
		{7B838721-16A1-4974-8558-8DC36070DB25}.Release|Any CPU.ActiveCfg = Release|Any CPU
		{7B838721-16A1-4974-8558-8DC36070DB25}.Release|Any CPU.Build.0 = Release|Any CPU
	EndGlobalSection
	GlobalSection(SolutionProperties) = preSolution
		HideSolutionNode = FALSE
	EndGlobalSection
	GlobalSection(ExtensibilityGlobals) = postSolution
		SolutionGuid = {88EEE826-2D65-4257-8D98-47926B9250B3}
	EndGlobalSection
EndGlobal
